// !$*UTF8*$!
{
	archiveVersion = 1;
	classes = {
	};
	objectVersion = 46;
	objects = {

/* Begin PBXBuildFile section */
		8A7226411D5DF072003656C1 /* JRWindowRoute.m in Sources */ = {isa = PBXBuildFile; fileRef = 8A72262A1D5DF072003656C1 /* JRWindowRoute.m */; };
		8A7226421D5DF072003656C1 /* JRNavigationPopRoute.m in Sources */ = {isa = PBXBuildFile; fileRef = 8A72262F1D5DF072003656C1 /* JRNavigationPopRoute.m */; };
		8A7226431D5DF072003656C1 /* JRNavigationPushRoute.m in Sources */ = {isa = PBXBuildFile; fileRef = 8A7226311D5DF072003656C1 /* JRNavigationPushRoute.m */; };
		8A7226441D5DF072003656C1 /* JRNavigationRoute.m in Sources */ = {isa = PBXBuildFile; fileRef = 8A7226331D5DF072003656C1 /* JRNavigationRoute.m */; };
		8A7226451D5DF072003656C1 /* JRNavigationSetRoute.m in Sources */ = {isa = PBXBuildFile; fileRef = 8A7226351D5DF072003656C1 /* JRNavigationSetRoute.m */; };
		8A7226461D5DF072003656C1 /* JRViewControllerDismissRoute.m in Sources */ = {isa = PBXBuildFile; fileRef = 8A7226381D5DF072003656C1 /* JRViewControllerDismissRoute.m */; };
		8A7226471D5DF072003656C1 /* JRViewControllerPresentRoute.m in Sources */ = {isa = PBXBuildFile; fileRef = 8A72263A1D5DF072003656C1 /* JRViewControllerPresentRoute.m */; };
		8A7226481D5DF072003656C1 /* JRRoute.m in Sources */ = {isa = PBXBuildFile; fileRef = 8A72263E1D5DF072003656C1 /* JRRoute.m */; };
		8A7226491D5DF089003656C1 /* JRViewControllerFactoryBlock.h in CopyFiles */ = {isa = PBXBuildFile; fileRef = 8A72262C1D5DF072003656C1 /* JRViewControllerFactoryBlock.h */; };
		8A72264A1D5DF089003656C1 /* JRNavigationPopRoute.h in CopyFiles */ = {isa = PBXBuildFile; fileRef = 8A72262E1D5DF072003656C1 /* JRNavigationPopRoute.h */; };
		8A72264B1D5DF089003656C1 /* JRNavigationPushRoute.h in CopyFiles */ = {isa = PBXBuildFile; fileRef = 8A7226301D5DF072003656C1 /* JRNavigationPushRoute.h */; };
		8A72264C1D5DF089003656C1 /* JRNavigationRoute.h in CopyFiles */ = {isa = PBXBuildFile; fileRef = 8A7226321D5DF072003656C1 /* JRNavigationRoute.h */; };
		8A72264D1D5DF089003656C1 /* JRNavigationSetRoute.h in CopyFiles */ = {isa = PBXBuildFile; fileRef = 8A7226341D5DF072003656C1 /* JRNavigationSetRoute.h */; };
		8A72264E1D5DF08D003656C1 /* JRWindowFactoryBlock.h in CopyFiles */ = {isa = PBXBuildFile; fileRef = 8A7226281D5DF072003656C1 /* JRWindowFactoryBlock.h */; };
		8A72264F1D5DF08D003656C1 /* JRWindowRoute.h in CopyFiles */ = {isa = PBXBuildFile; fileRef = 8A7226291D5DF072003656C1 /* JRWindowRoute.h */; };
		8A7226501D5DF091003656C1 /* JRViewControllerPresentRoute.h in CopyFiles */ = {isa = PBXBuildFile; fileRef = 8A7226391D5DF072003656C1 /* JRViewControllerPresentRoute.h */; };
		8A7226511D5DF095003656C1 /* JRViewControllerDismissRoute.h in CopyFiles */ = {isa = PBXBuildFile; fileRef = 8A7226371D5DF072003656C1 /* JRViewControllerDismissRoute.h */; };
		8A7226521D5DF09C003656C1 /* JRReversibleRouting.h in CopyFiles */ = {isa = PBXBuildFile; fileRef = 8A72263C1D5DF072003656C1 /* JRReversibleRouting.h */; };
		8A7226531D5DF09C003656C1 /* JRRoute.h in CopyFiles */ = {isa = PBXBuildFile; fileRef = 8A72263D1D5DF072003656C1 /* JRRoute.h */; };
		8A7226541D5DF09C003656C1 /* JRRouteDelegate.h in CopyFiles */ = {isa = PBXBuildFile; fileRef = 8A72263F1D5DF072003656C1 /* JRRouteDelegate.h */; };
		8A7226551D5DF09C003656C1 /* JRRouting.h in CopyFiles */ = {isa = PBXBuildFile; fileRef = 8A7226401D5DF072003656C1 /* JRRouting.h */; };
/* End PBXBuildFile section */

/* Begin PBXCopyFilesBuildPhase section */
		8AB8F14F1D3FD930006CBA9A /* CopyFiles */ = {
			isa = PBXCopyFilesBuildPhase;
			buildActionMask = 2147483647;
			dstPath = "include/$(PRODUCT_NAME)";
			dstSubfolderSpec = 16;
			files = (
				8A7226521D5DF09C003656C1 /* JRReversibleRouting.h in CopyFiles */,
				8A7226531D5DF09C003656C1 /* JRRoute.h in CopyFiles */,
				8A7226541D5DF09C003656C1 /* JRRouteDelegate.h in CopyFiles */,
				8A7226551D5DF09C003656C1 /* JRRouting.h in CopyFiles */,
				8A7226511D5DF095003656C1 /* JRViewControllerDismissRoute.h in CopyFiles */,
				8A7226501D5DF091003656C1 /* JRViewControllerPresentRoute.h in CopyFiles */,
				8A72264E1D5DF08D003656C1 /* JRWindowFactoryBlock.h in CopyFiles */,
				8A72264F1D5DF08D003656C1 /* JRWindowRoute.h in CopyFiles */,
				8A7226491D5DF089003656C1 /* JRViewControllerFactoryBlock.h in CopyFiles */,
				8A72264A1D5DF089003656C1 /* JRNavigationPopRoute.h in CopyFiles */,
				8A72264B1D5DF089003656C1 /* JRNavigationPushRoute.h in CopyFiles */,
				8A72264C1D5DF089003656C1 /* JRNavigationRoute.h in CopyFiles */,
				8A72264D1D5DF089003656C1 /* JRNavigationSetRoute.h in CopyFiles */,
			);
			runOnlyForDeploymentPostprocessing = 0;
		};
/* End PBXCopyFilesBuildPhase section */

/* Begin PBXFileReference section */
		8A7226281D5DF072003656C1 /* JRWindowFactoryBlock.h */ = {isa = PBXFileReference; fileEncoding = 4; lastKnownFileType = sourcecode.c.h; path = JRWindowFactoryBlock.h; sourceTree = "<group>"; };
		8A7226291D5DF072003656C1 /* JRWindowRoute.h */ = {isa = PBXFileReference; fileEncoding = 4; lastKnownFileType = sourcecode.c.h; path = JRWindowRoute.h; sourceTree = "<group>"; };
		8A72262A1D5DF072003656C1 /* JRWindowRoute.m */ = {isa = PBXFileReference; fileEncoding = 4; lastKnownFileType = sourcecode.c.objc; path = JRWindowRoute.m; sourceTree = "<group>"; };
		8A72262C1D5DF072003656C1 /* JRViewControllerFactoryBlock.h */ = {isa = PBXFileReference; fileEncoding = 4; lastKnownFileType = sourcecode.c.h; path = JRViewControllerFactoryBlock.h; sourceTree = "<group>"; };
		8A72262E1D5DF072003656C1 /* JRNavigationPopRoute.h */ = {isa = PBXFileReference; fileEncoding = 4; lastKnownFileType = sourcecode.c.h; path = JRNavigationPopRoute.h; sourceTree = "<group>"; };
		8A72262F1D5DF072003656C1 /* JRNavigationPopRoute.m */ = {isa = PBXFileReference; fileEncoding = 4; lastKnownFileType = sourcecode.c.objc; path = JRNavigationPopRoute.m; sourceTree = "<group>"; };
		8A7226301D5DF072003656C1 /* JRNavigationPushRoute.h */ = {isa = PBXFileReference; fileEncoding = 4; lastKnownFileType = sourcecode.c.h; path = JRNavigationPushRoute.h; sourceTree = "<group>"; };
		8A7226311D5DF072003656C1 /* JRNavigationPushRoute.m */ = {isa = PBXFileReference; fileEncoding = 4; lastKnownFileType = sourcecode.c.objc; path = JRNavigationPushRoute.m; sourceTree = "<group>"; };
		8A7226321D5DF072003656C1 /* JRNavigationRoute.h */ = {isa = PBXFileReference; fileEncoding = 4; lastKnownFileType = sourcecode.c.h; path = JRNavigationRoute.h; sourceTree = "<group>"; };
		8A7226331D5DF072003656C1 /* JRNavigationRoute.m */ = {isa = PBXFileReference; fileEncoding = 4; lastKnownFileType = sourcecode.c.objc; path = JRNavigationRoute.m; sourceTree = "<group>"; };
		8A7226341D5DF072003656C1 /* JRNavigationSetRoute.h */ = {isa = PBXFileReference; fileEncoding = 4; lastKnownFileType = sourcecode.c.h; path = JRNavigationSetRoute.h; sourceTree = "<group>"; };
		8A7226351D5DF072003656C1 /* JRNavigationSetRoute.m */ = {isa = PBXFileReference; fileEncoding = 4; lastKnownFileType = sourcecode.c.objc; path = JRNavigationSetRoute.m; sourceTree = "<group>"; };
		8A7226371D5DF072003656C1 /* JRViewControllerDismissRoute.h */ = {isa = PBXFileReference; fileEncoding = 4; lastKnownFileType = sourcecode.c.h; path = JRViewControllerDismissRoute.h; sourceTree = "<group>"; };
		8A7226381D5DF072003656C1 /* JRViewControllerDismissRoute.m */ = {isa = PBXFileReference; fileEncoding = 4; lastKnownFileType = sourcecode.c.objc; path = JRViewControllerDismissRoute.m; sourceTree = "<group>"; };
		8A7226391D5DF072003656C1 /* JRViewControllerPresentRoute.h */ = {isa = PBXFileReference; fileEncoding = 4; lastKnownFileType = sourcecode.c.h; path = JRViewControllerPresentRoute.h; sourceTree = "<group>"; };
		8A72263A1D5DF072003656C1 /* JRViewControllerPresentRoute.m */ = {isa = PBXFileReference; fileEncoding = 4; lastKnownFileType = sourcecode.c.objc; path = JRViewControllerPresentRoute.m; sourceTree = "<group>"; };
		8A72263C1D5DF072003656C1 /* JRReversibleRouting.h */ = {isa = PBXFileReference; fileEncoding = 4; lastKnownFileType = sourcecode.c.h; path = JRReversibleRouting.h; sourceTree = "<group>"; };
		8A72263D1D5DF072003656C1 /* JRRoute.h */ = {isa = PBXFileReference; fileEncoding = 4; lastKnownFileType = sourcecode.c.h; path = JRRoute.h; sourceTree = "<group>"; };
		8A72263E1D5DF072003656C1 /* JRRoute.m */ = {isa = PBXFileReference; fileEncoding = 4; lastKnownFileType = sourcecode.c.objc; path = JRRoute.m; sourceTree = "<group>"; };
		8A72263F1D5DF072003656C1 /* JRRouteDelegate.h */ = {isa = PBXFileReference; fileEncoding = 4; lastKnownFileType = sourcecode.c.h; path = JRRouteDelegate.h; sourceTree = "<group>"; };
		8A7226401D5DF072003656C1 /* JRRouting.h */ = {isa = PBXFileReference; fileEncoding = 4; lastKnownFileType = sourcecode.c.h; path = JRRouting.h; sourceTree = "<group>"; };
		8AB8F1511D3FD930006CBA9A /* libJustRoute.a */ = {isa = PBXFileReference; explicitFileType = archive.ar; includeInIndex = 0; path = libJustRoute.a; sourceTree = BUILT_PRODUCTS_DIR; };
/* End PBXFileReference section */

/* Begin PBXFrameworksBuildPhase section */
		8AB8F14E1D3FD930006CBA9A /* Frameworks */ = {
			isa = PBXFrameworksBuildPhase;
			buildActionMask = 2147483647;
			files = (
			);
			runOnlyForDeploymentPostprocessing = 0;
		};
/* End PBXFrameworksBuildPhase section */

/* Begin PBXGroup section */
		8A7226271D5DF072003656C1 /* Window */ = {
			isa = PBXGroup;
			children = (
				8A7226281D5DF072003656C1 /* JRWindowFactoryBlock.h */,
				8A7226291D5DF072003656C1 /* JRWindowRoute.h */,
				8A72262A1D5DF072003656C1 /* JRWindowRoute.m */,
			);
			path = Window;
			sourceTree = "<group>";
		};
		8A72262B1D5DF072003656C1 /* ViewController */ = {
			isa = PBXGroup;
			children = (
				8A72262C1D5DF072003656C1 /* JRViewControllerFactoryBlock.h */,
				8A72262D1D5DF072003656C1 /* Navigation */,
				8A7226361D5DF072003656C1 /* Presentation */,
			);
			path = ViewController;
			sourceTree = "<group>";
		};
		8A72262D1D5DF072003656C1 /* Navigation */ = {
			isa = PBXGroup;
			children = (
				8A72262E1D5DF072003656C1 /* JRNavigationPopRoute.h */,
				8A72262F1D5DF072003656C1 /* JRNavigationPopRoute.m */,
				8A7226301D5DF072003656C1 /* JRNavigationPushRoute.h */,
				8A7226311D5DF072003656C1 /* JRNavigationPushRoute.m */,
				8A7226321D5DF072003656C1 /* JRNavigationRoute.h */,
				8A7226331D5DF072003656C1 /* JRNavigationRoute.m */,
				8A7226341D5DF072003656C1 /* JRNavigationSetRoute.h */,
				8A7226351D5DF072003656C1 /* JRNavigationSetRoute.m */,
			);
			path = Navigation;
			sourceTree = "<group>";
		};
		8A7226361D5DF072003656C1 /* Presentation */ = {
			isa = PBXGroup;
			children = (
				8A7226371D5DF072003656C1 /* JRViewControllerDismissRoute.h */,
				8A7226381D5DF072003656C1 /* JRViewControllerDismissRoute.m */,
				8A7226391D5DF072003656C1 /* JRViewControllerPresentRoute.h */,
				8A72263A1D5DF072003656C1 /* JRViewControllerPresentRoute.m */,
			);
			path = Presentation;
			sourceTree = "<group>";
		};
		8A72263B1D5DF072003656C1 /* Base */ = {
			isa = PBXGroup;
			children = (
				8A72263C1D5DF072003656C1 /* JRReversibleRouting.h */,
				8A72263D1D5DF072003656C1 /* JRRoute.h */,
				8A72263E1D5DF072003656C1 /* JRRoute.m */,
				8A72263F1D5DF072003656C1 /* JRRouteDelegate.h */,
				8A7226401D5DF072003656C1 /* JRRouting.h */,
			);
			path = Base;
			sourceTree = "<group>";
		};
		8AB8F1481D3FD930006CBA9A = {
			isa = PBXGroup;
			children = (
				8AB8F1531D3FD930006CBA9A /* JustRoute */,
				8AB8F1521D3FD930006CBA9A /* Products */,
			);
			sourceTree = "<group>";
		};
		8AB8F1521D3FD930006CBA9A /* Products */ = {
			isa = PBXGroup;
			children = (
				8AB8F1511D3FD930006CBA9A /* libJustRoute.a */,
			);
			name = Products;
			sourceTree = "<group>";
		};
		8AB8F1531D3FD930006CBA9A /* JustRoute */ = {
			isa = PBXGroup;
			children = (
				8A7226271D5DF072003656C1 /* Window */,
				8A72262B1D5DF072003656C1 /* ViewController */,
				8A72263B1D5DF072003656C1 /* Base */,
			);
			path = JustRoute;
			sourceTree = "<group>";
		};
/* End PBXGroup section */

/* Begin PBXNativeTarget section */
		8AB8F1501D3FD930006CBA9A /* JustRoute */ = {
			isa = PBXNativeTarget;
			buildConfigurationList = 8AB8F15A1D3FD930006CBA9A /* Build configuration list for PBXNativeTarget "JustRoute" */;
			buildPhases = (
				8AB8F14D1D3FD930006CBA9A /* Sources */,
				8AB8F14E1D3FD930006CBA9A /* Frameworks */,
				8AB8F14F1D3FD930006CBA9A /* CopyFiles */,
			);
			buildRules = (
			);
			dependencies = (
			);
			name = JustRoute;
			productName = JustRoute;
			productReference = 8AB8F1511D3FD930006CBA9A /* libJustRoute.a */;
			productType = "com.apple.product-type.library.static";
		};
/* End PBXNativeTarget section */

/* Begin PBXProject section */
		8AB8F1491D3FD930006CBA9A /* Project object */ = {
			isa = PBXProject;
			attributes = {
				LastUpgradeCheck = 0730;
				ORGANIZATIONNAME = dimon;
				TargetAttributes = {
					8AB8F1501D3FD930006CBA9A = {
						CreatedOnToolsVersion = 7.3.1;
					};
				};
			};
			buildConfigurationList = 8AB8F14C1D3FD930006CBA9A /* Build configuration list for PBXProject "JustRoute" */;
			compatibilityVersion = "Xcode 3.2";
			developmentRegion = English;
			hasScannedForEncodings = 0;
			knownRegions = (
				en,
			);
			mainGroup = 8AB8F1481D3FD930006CBA9A;
			productRefGroup = 8AB8F1521D3FD930006CBA9A /* Products */;
			projectDirPath = "";
			projectRoot = "";
			targets = (
				8AB8F1501D3FD930006CBA9A /* JustRoute */,
			);
		};
/* End PBXProject section */

/* Begin PBXSourcesBuildPhase section */
		8AB8F14D1D3FD930006CBA9A /* Sources */ = {
			isa = PBXSourcesBuildPhase;
			buildActionMask = 2147483647;
			files = (
				8A7226411D5DF072003656C1 /* JRWindowRoute.m in Sources */,
				8A7226451D5DF072003656C1 /* JRNavigationSetRoute.m in Sources */,
				8A7226441D5DF072003656C1 /* JRNavigationRoute.m in Sources */,
				8A7226471D5DF072003656C1 /* JRViewControllerPresentRoute.m in Sources */,
				8A7226421D5DF072003656C1 /* JRNavigationPopRoute.m in Sources */,
				8A7226431D5DF072003656C1 /* JRNavigationPushRoute.m in Sources */,
				8A7226461D5DF072003656C1 /* JRViewControllerDismissRoute.m in Sources */,
				8A7226481D5DF072003656C1 /* JRRoute.m in Sources */,
			);
			runOnlyForDeploymentPostprocessing = 0;
		};
/* End PBXSourcesBuildPhase section */

/* Begin XCBuildConfiguration section */
		8AB8F1581D3FD930006CBA9A /* Debug */ = {
			isa = XCBuildConfiguration;
			buildSettings = {
				ALWAYS_SEARCH_USER_PATHS = NO;
				CLANG_ANALYZER_NONNULL = YES;
				CLANG_CXX_LANGUAGE_STANDARD = "gnu++0x";
				CLANG_CXX_LIBRARY = "libc++";
				CLANG_ENABLE_MODULES = YES;
				CLANG_ENABLE_OBJC_ARC = YES;
				CLANG_WARN_BOOL_CONVERSION = YES;
				CLANG_WARN_CONSTANT_CONVERSION = YES;
				CLANG_WARN_DIRECT_OBJC_ISA_USAGE = YES_ERROR;
				CLANG_WARN_EMPTY_BODY = YES;
				CLANG_WARN_ENUM_CONVERSION = YES;
				CLANG_WARN_INT_CONVERSION = YES;
				CLANG_WARN_OBJC_ROOT_CLASS = YES_ERROR;
				CLANG_WARN_UNREACHABLE_CODE = YES;
				CLANG_WARN__DUPLICATE_METHOD_MATCH = YES;
				"CODE_SIGN_IDENTITY[sdk=iphoneos*]" = "iPhone Developer";
				COPY_PHASE_STRIP = NO;
				DEBUG_INFORMATION_FORMAT = dwarf;
				ENABLE_STRICT_OBJC_MSGSEND = YES;
				ENABLE_TESTABILITY = YES;
				GCC_C_LANGUAGE_STANDARD = gnu99;
				GCC_DYNAMIC_NO_PIC = NO;
				GCC_NO_COMMON_BLOCKS = YES;
				GCC_OPTIMIZATION_LEVEL = 0;
				GCC_PREPROCESSOR_DEFINITIONS = (
					"DEBUG=1",
					"$(inherited)",
				);
				GCC_WARN_64_TO_32_BIT_CONVERSION = YES;
				GCC_WARN_ABOUT_RETURN_TYPE = YES_ERROR;
				GCC_WARN_UNDECLARED_SELECTOR = YES;
				GCC_WARN_UNINITIALIZED_AUTOS = YES_AGGRESSIVE;
				GCC_WARN_UNUSED_FUNCTION = YES;
				GCC_WARN_UNUSED_VARIABLE = YES;
				IPHONEOS_DEPLOYMENT_TARGET = 7.0;
				MTL_ENABLE_DEBUG_INFO = YES;
				ONLY_ACTIVE_ARCH = YES;
				SDKROOT = iphoneos;
			};
			name = Debug;
		};
		8AB8F1591D3FD930006CBA9A /* Release */ = {
			isa = XCBuildConfiguration;
			buildSettings = {
				ALWAYS_SEARCH_USER_PATHS = NO;
				CLANG_ANALYZER_NONNULL = YES;
				CLANG_CXX_LANGUAGE_STANDARD = "gnu++0x";
				CLANG_CXX_LIBRARY = "libc++";
				CLANG_ENABLE_MODULES = YES;
				CLANG_ENABLE_OBJC_ARC = YES;
				CLANG_WARN_BOOL_CONVERSION = YES;
				CLANG_WARN_CONSTANT_CONVERSION = YES;
				CLANG_WARN_DIRECT_OBJC_ISA_USAGE = YES_ERROR;
				CLANG_WARN_EMPTY_BODY = YES;
				CLANG_WARN_ENUM_CONVERSION = YES;
				CLANG_WARN_INT_CONVERSION = YES;
				CLANG_WARN_OBJC_ROOT_CLASS = YES_ERROR;
				CLANG_WARN_UNREACHABLE_CODE = YES;
				CLANG_WARN__DUPLICATE_METHOD_MATCH = YES;
				"CODE_SIGN_IDENTITY[sdk=iphoneos*]" = "iPhone Developer";
				COPY_PHASE_STRIP = NO;
				DEBUG_INFORMATION_FORMAT = "dwarf-with-dsym";
				ENABLE_NS_ASSERTIONS = NO;
				ENABLE_STRICT_OBJC_MSGSEND = YES;
				GCC_C_LANGUAGE_STANDARD = gnu99;
				GCC_NO_COMMON_BLOCKS = YES;
				GCC_WARN_64_TO_32_BIT_CONVERSION = YES;
				GCC_WARN_ABOUT_RETURN_TYPE = YES_ERROR;
				GCC_WARN_UNDECLARED_SELECTOR = YES;
				GCC_WARN_UNINITIALIZED_AUTOS = YES_AGGRESSIVE;
				GCC_WARN_UNUSED_FUNCTION = YES;
				GCC_WARN_UNUSED_VARIABLE = YES;
				IPHONEOS_DEPLOYMENT_TARGET = 7.0;
				MTL_ENABLE_DEBUG_INFO = NO;
				SDKROOT = iphoneos;
				VALIDATE_PRODUCT = YES;
			};
			name = Release;
		};
		8AB8F15B1D3FD930006CBA9A /* Debug */ = {
			isa = XCBuildConfiguration;
			buildSettings = {
				OTHER_LDFLAGS = "-ObjC";
				PRODUCT_NAME = "$(TARGET_NAME)";
				SKIP_INSTALL = YES;
			};
			name = Debug;
		};
		8AB8F15C1D3FD930006CBA9A /* Release */ = {
			isa = XCBuildConfiguration;
			buildSettings = {
				OTHER_LDFLAGS = "-ObjC";
				PRODUCT_NAME = "$(TARGET_NAME)";
				SKIP_INSTALL = YES;
			};
			name = Release;
		};
/* End XCBuildConfiguration section */

/* Begin XCConfigurationList section */
		8AB8F14C1D3FD930006CBA9A /* Build configuration list for PBXProject "JustRoute" */ = {
			isa = XCConfigurationList;
			buildConfigurations = (
				8AB8F1581D3FD930006CBA9A /* Debug */,
				8AB8F1591D3FD930006CBA9A /* Release */,
			);
			defaultConfigurationIsVisible = 0;
			defaultConfigurationName = Release;
		};
		8AB8F15A1D3FD930006CBA9A /* Build configuration list for PBXNativeTarget "JustRoute" */ = {
			isa = XCConfigurationList;
			buildConfigurations = (
				8AB8F15B1D3FD930006CBA9A /* Debug */,
				8AB8F15C1D3FD930006CBA9A /* Release */,
			);
			defaultConfigurationIsVisible = 0;
			defaultConfigurationName = Release;
		};
/* End XCConfigurationList section */
	};
	rootObject = 8AB8F1491D3FD930006CBA9A /* Project object */;
}
